<?xml version="1.0" encoding="utf-8"?>
<Project ToolsVersion="4.0" xmlns="http://schemas.microsoft.com/developer/msbuild/2003">
  <ItemGroup>
    <ClCompile Include="src\render\DiffuseShader.cpp" />
    <ClCompile Include="src\main\Slime.cpp" />
    <ClCompile Include="src\render\SlimeShader.cpp" />
    <ClCompile Include="src\render\Shader.cpp" />
    <ClCompile Include="src\main\Handler.cpp" />
    <ClCompile Include="src\SlimeMold.cpp" />
    <ClCompile Include="src\util\WindowManager.cpp" />
    <ClCompile Include="src\main\FPSManager.cpp" />
    <ClCompile Include="src\render\RenderManager.cpp" />
    <ClCompile Include="src\render\RenderShader.cpp" />
    <ClCompile Include="src\util\Timer.cpp" />
    <ClCompile Include="src\gui\Gui.cpp" />
    <ClCompile Include="src\imgui\imgui.cpp" />
    <ClCompile Include="src\imgui\imgui_demo.cpp" />
    <ClCompile Include="src\imgui\imgui_draw.cpp" />
    <ClCompile Include="src\imgui\imgui_impl_glfw.cpp" />
    <ClCompile Include="src\imgui\imgui_impl_opengl3.cpp" />
    <ClCompile Include="src\imgui\imgui_stdlib.cpp" />
    <ClCompile Include="src\imgui\imgui_tables.cpp" />
    <ClCompile Include="src\imgui\imgui_widgets.cpp" />
  </ItemGroup>
  <ItemGroup>
    <ClInclude Include="src\render\DiffuseShader.h" />
    <ClInclude Include="src\main\Slime.h" />
    <ClInclude Include="src\render\SlimeShader.h" />
    <ClInclude Include="src\render\Shader.h" />
    <ClInclude Include="src\main\Handler.h" />
    <ClInclude Include="src\game\state\States.h" />
    <ClInclude Include="src\util\WindowManager.h" />
    <ClInclude Include="src\Global.h" />
    <ClInclude Include="src\main\FPSManager.h" />
    <ClInclude Include="src\render\RenderManager.h" />
    <ClInclude Include="src\render\RenderShader.h" />
    <ClInclude Include="src\util\Timer.h" />
    <ClInclude Include="src\gui\Gui.h" />
    <ClInclude Include="src\imgui\imconfig.h" />
    <ClInclude Include="src\imgui\imgui.h" />
    <ClInclude Include="src\imgui\imgui_impl_glfw.h" />
    <ClInclude Include="src\imgui\imgui_impl_opengl3.h" />
    <ClInclude Include="src\imgui\imgui_impl_opengl3_loader.h" />
    <ClInclude Include="src\imgui\imgui_internal.h" />
    <ClInclude Include="src\imgui\imgui_stdlib.h" />
    <ClInclude Include="src\imgui\imstb_rectpack.h" />
    <ClInclude Include="src\imgui\imstb_textedit.h" />
    <ClInclude Include="src\imgui\imstb_truetype.h" />
  </ItemGroup>
  <ItemGroup>
    <None Include="res\shaders\diffuse.comp.glsl" />
    <None Include="res\shaders\slime.comp.glsl" />
  </ItemGroup>
</Project>